
Microsoft Visual Studio Solution File, Format Version 12.00
# Visual Studio Version 16
VisualStudioVersion = 16.0.31729.503
MinimumVisualStudioVersion = 10.0.40219.1
Project("{FAE04EC0-301F-11D3-BF4B-00C04F79EFBC}") = "SnakesAndLadders", "SnakesAndLadders\SnakesAndLadders.csproj", "{09F94D18-895D-4047-9401-0975B52C1A8E}"
EndProject
Project("{FAE04EC0-301F-11D3-BF4B-00C04F79EFBC}") = "SnakesAndLaddersLibrary", "SnakesAndLaddersLibrary\SnakesAndLaddersLibrary.csproj", "{64B92EB7-E889-43AB-B7D6-9E86F55E9A76}"
EndProject
Global
	GlobalSection(SolutionConfigurationPlatforms) = preSolution
		Debug|Any CPU = Debug|Any CPU
		Release|Any CPU = Release|Any CPU
	EndGlobalSection
	GlobalSection(ProjectConfigurationPlatforms) = postSolution
		{09F94D18-895D-4047-9401-0975B52C1A8E}.Debug|Any CPU.ActiveCfg = Debug|Any CPU
		{09F94D18-895D-4047-9401-0975B52C1A8E}.Debug|Any CPU.Build.0 = Debug|Any CPU
		{09F94D18-895D-4047-9401-0975B52C1A8E}.Release|Any CPU.ActiveCfg = Release|Any CPU
		{09F94D18-895D-4047-9401-0975B52C1A8E}.Release|Any CPU.Build.0 = Release|Any CPU
		{64B92EB7-E889-43AB-B7D6-9E86F55E9A76}.Debug|Any CPU.ActiveCfg = Debug|Any CPU
		{64B92EB7-E889-43AB-B7D6-9E86F55E9A76}.Debug|Any CPU.Build.0 = Debug|Any CPU
		{64B92EB7-E889-43AB-B7D6-9E86F55E9A76}.Release|Any CPU.ActiveCfg = Release|Any CPU
		{64B92EB7-E889-43AB-B7D6-9E86F55E9A76}.Release|Any CPU.Build.0 = Release|Any CPU
	EndGlobalSection
	GlobalSection(SolutionProperties) = preSolution
		HideSolutionNode = FALSE
	EndGlobalSection
	GlobalSection(ExtensibilityGlobals) = postSolution
		SolutionGuid = {3F20AB88-9BEA-4496-B73E-F0867CCB29DA}
	EndGlobalSection
EndGlobal
